{
  "pins" : [
    {
      "identity" : "floatingbutton",
      "kind" : "remoteSourceControl",
      "location" : "https://github.com/exyte/FloatingButton",
      "state" : {
        "revision" : "c1e3e6a641ef5bacbcbc2b2c80db54793f75f974",
        "version" : "1.4.0"
      }
    }
  ],
  "version" : 2
}
